
Microsoft Visual Studio Solution File, Format Version 12.00
Project("{FAE04EC0-301F-11D3-BF4B-00C04F79EFBC}") = "BehaviorDrivenDevelopment.Tests.Behavior", "BehaviorDrivenDevelopment.Tests.Behavior\BehaviorDrivenDevelopment.Tests.Behavior.csproj", "{641EF849-689C-4564-8A97-BBEBA234FD3A}"
EndProject
Project("{FAE04EC0-301F-11D3-BF4B-00C04F79EFBC}") = "BehaviorDrivenDevelopment.Service", "BehaviorDrivenDevelopment.Service\BehaviorDrivenDevelopment.Service.csproj", "{75044517-9ECA-4D0C-8F35-79A2E6213619}"
EndProject
Global
	GlobalSection(SolutionConfigurationPlatforms) = preSolution
		Debug|Any CPU = Debug|Any CPU
		Release|Any CPU = Release|Any CPU
	EndGlobalSection
	GlobalSection(ProjectConfigurationPlatforms) = postSolution
		{641EF849-689C-4564-8A97-BBEBA234FD3A}.Debug|Any CPU.ActiveCfg = Debug|Any CPU
		{641EF849-689C-4564-8A97-BBEBA234FD3A}.Debug|Any CPU.Build.0 = Debug|Any CPU
		{641EF849-689C-4564-8A97-BBEBA234FD3A}.Release|Any CPU.ActiveCfg = Release|Any CPU
		{641EF849-689C-4564-8A97-BBEBA234FD3A}.Release|Any CPU.Build.0 = Release|Any CPU
		{75044517-9ECA-4D0C-8F35-79A2E6213619}.Debug|Any CPU.ActiveCfg = Debug|Any CPU
		{75044517-9ECA-4D0C-8F35-79A2E6213619}.Debug|Any CPU.Build.0 = Debug|Any CPU
		{75044517-9ECA-4D0C-8F35-79A2E6213619}.Release|Any CPU.ActiveCfg = Release|Any CPU
		{75044517-9ECA-4D0C-8F35-79A2E6213619}.Release|Any CPU.Build.0 = Release|Any CPU
	EndGlobalSection
EndGlobal
